dependencies:
- name: postgresql
  repository: oci://registry-1.docker.io/bitnamicharts
  version: 16.7.27
- name: common
  repository: oci://registry-1.docker.io/bitnamicharts
  version: 2.41.0
digest: sha256:f4f46d994be8f91f3601db9a708e9256158e6fa75ea5f7594aa8bf7893e42436
generated: "2026-07-15T17:23:25.273042385Z"
